
Microsoft Visual Studio Solution File, Format Version 12.00
# Visual Studio 15
VisualStudioVersion = 15.0.28010.2003
MinimumVisualStudioVersion = 10.0.40219.1
Project("{FAE04EC0-301F-11D3-BF4B-00C04F79EFBC}") = "RunAsPlugin", "RunAsPlugin\RunAsPlugin.csproj", "{550598D5-AAAA-4DDF-891D-C72F38E79582}"
EndProject
Global
	GlobalSection(SolutionConfigurationPlatforms) = preSolution
		Debug|Any CPU = Debug|Any CPU
		Release|Any CPU = Release|Any CPU
	EndGlobalSection
	GlobalSection(ProjectConfigurationPlatforms) = postSolution
		{550598D5-AAAA-4DDF-891D-C72F38E79582}.Debug|Any CPU.ActiveCfg = Debug|Any CPU
		{550598D5-AAAA-4DDF-891D-C72F38E79582}.Debug|Any CPU.Build.0 = Debug|Any CPU
		{550598D5-AAAA-4DDF-891D-C72F38E79582}.Release|Any CPU.ActiveCfg = Release|Any CPU
		{550598D5-AAAA-4DDF-891D-C72F38E79582}.Release|Any CPU.Build.0 = Release|Any CPU
	EndGlobalSection
	GlobalSection(SolutionProperties) = preSolution
		HideSolutionNode = FALSE
	EndGlobalSection
	GlobalSection(ExtensibilityGlobals) = postSolution
		SolutionGuid = {2794AADD-62DE-4123-8279-49FAC6A0B4B3}
	EndGlobalSection
EndGlobal
